// !$*UTF8*$!
{
	archiveVersion = 1;
	classes = {
	};
	objectVersion = 46;
	objects = {

/* Begin PBXBuildFile section */
		2A85DCF41B6C9B0600A9F6E1 /* AppDelegate.m in Sources */ = {isa = PBXBuildFile; fileRef = 2A85DCF31B6C9B0600A9F6E1 /* AppDelegate.m */; };
		2A85DCF61B6C9B0600A9F6E1 /* main.m in Sources */ = {isa = PBXBuildFile; fileRef = 2A85DCF51B6C9B0600A9F6E1 /* main.m */; };
		2A85DCF91B6C9B0600A9F6E1 /* Document.m in Sources */ = {isa = PBXBuildFile; fileRef = 2A85DCF81B6C9B0600A9F6E1 /* Document.m */; };
		2A85DCFC1B6C9B0600A9F6E1 /* Document.xib in Resources */ = {isa = PBXBuildFile; fileRef = 2A85DCFA1B6C9B0600A9F6E1 /* Document.xib */; };
		2A85DCFE1B6C9B0600A9F6E1 /* Images.xcassets in Resources */ = {isa = PBXBuildFile; fileRef = 2A85DCFD1B6C9B0600A9F6E1 /* Images.xcassets */; };
		2A85DD011B6C9B0600A9F6E1 /* MainMenu.xib in Resources */ = {isa = PBXBuildFile; fileRef = 2A85DCFF1B6C9B0600A9F6E1 /* MainMenu.xib */; };
		2A85DD0D1B6C9B0600A9F6E1 /* CommandLineBundleSampleTests.m in Sources */ = {isa = PBXBuildFile; fileRef = 2A85DD0C1B6C9B0600A9F6E1 /* CommandLineBundleSampleTests.m */; };
		2A85DD2B1B6CA11800A9F6E1 /* CommandLineBundleSample.sdef in Resources */ = {isa = PBXBuildFile; fileRef = 2A85DD2A1B6CA11800A9F6E1 /* CommandLineBundleSample.sdef */; };
		2A85DD321B6CAC2000A9F6E1 /* bundled_command in Resources */ = {isa = PBXBuildFile; fileRef = 2A85DD311B6CAC2000A9F6E1 /* bundled_command */; };
		2A85DD341B6CAC3500A9F6E1 /* bundled_command in Copy Executable */ = {isa = PBXBuildFile; fileRef = 2A85DD311B6CAC2000A9F6E1 /* bundled_command */; };
/* End PBXBuildFile section */

/* Begin PBXContainerItemProxy section */
		2A85DD071B6C9B0600A9F6E1 /* PBXContainerItemProxy */ = {
			isa = PBXContainerItemProxy;
			containerPortal = 2A85DCE51B6C9B0600A9F6E1 /* Project object */;
			proxyType = 1;
			remoteGlobalIDString = 2A85DCEC1B6C9B0600A9F6E1;
			remoteInfo = CommandLineBundleSample;
		};
/* End PBXContainerItemProxy section */

/* Begin PBXCopyFilesBuildPhase section */
		2A85DD301B6CABFA00A9F6E1 /* Copy Executable */ = {
			isa = PBXCopyFilesBuildPhase;
			buildActionMask = 2147483647;
			dstPath = "";
			dstSubfolderSpec = 6;
			files = (
				2A85DD341B6CAC3500A9F6E1 /* bundled_command in Copy Executable */,
			);
			name = "Copy Executable";
			runOnlyForDeploymentPostprocessing = 0;
		};
/* End PBXCopyFilesBuildPhase section */

/* Begin PBXFileReference section */
		2A85DCED1B6C9B0600A9F6E1 /* CommandLineBundleSample.app */ = {isa = PBXFileReference; explicitFileType = wrapper.application; includeInIndex = 0; path = CommandLineBundleSample.app; sourceTree = BUILT_PRODUCTS_DIR; };
		2A85DCF11B6C9B0600A9F6E1 /* Info.plist */ = {isa = PBXFileReference; lastKnownFileType = text.plist.xml; path = Info.plist; sourceTree = "<group>"; };
		2A85DCF21B6C9B0600A9F6E1 /* AppDelegate.h */ = {isa = PBXFileReference; lastKnownFileType = sourcecode.c.h; path = AppDelegate.h; sourceTree = "<group>"; };
		2A85DCF31B6C9B0600A9F6E1 /* AppDelegate.m */ = {isa = PBXFileReference; lastKnownFileType = sourcecode.c.objc; path = AppDelegate.m; sourceTree = "<group>"; };
		2A85DCF51B6C9B0600A9F6E1 /* main.m */ = {isa = PBXFileReference; lastKnownFileType = sourcecode.c.objc; path = main.m; sourceTree = "<group>"; };
		2A85DCF71B6C9B0600A9F6E1 /* Document.h */ = {isa = PBXFileReference; lastKnownFileType = sourcecode.c.h; path = Document.h; sourceTree = "<group>"; };
		2A85DCF81B6C9B0600A9F6E1 /* Document.m */ = {isa = PBXFileReference; lastKnownFileType = sourcecode.c.objc; path = Document.m; sourceTree = "<group>"; };
		2A85DCFB1B6C9B0600A9F6E1 /* Base */ = {isa = PBXFileReference; lastKnownFileType = file.xib; name = Base; path = Base.lproj/Document.xib; sourceTree = "<group>"; };
		2A85DCFD1B6C9B0600A9F6E1 /* Images.xcassets */ = {isa = PBXFileReference; lastKnownFileType = folder.assetcatalog; path = Images.xcassets; sourceTree = "<group>"; };
		2A85DD001B6C9B0600A9F6E1 /* Base */ = {isa = PBXFileReference; lastKnownFileType = file.xib; name = Base; path = Base.lproj/MainMenu.xib; sourceTree = "<group>"; };
		2A85DD061B6C9B0600A9F6E1 /* CommandLineBundleSampleTests.xctest */ = {isa = PBXFileReference; explicitFileType = wrapper.cfbundle; includeInIndex = 0; path = CommandLineBundleSampleTests.xctest; sourceTree = BUILT_PRODUCTS_DIR; };
		2A85DD0B1B6C9B0600A9F6E1 /* Info.plist */ = {isa = PBXFileReference; lastKnownFileType = text.plist.xml; path = Info.plist; sourceTree = "<group>"; };
		2A85DD0C1B6C9B0600A9F6E1 /* CommandLineBundleSampleTests.m */ = {isa = PBXFileReference; lastKnownFileType = sourcecode.c.objc; path = CommandLineBundleSampleTests.m; sourceTree = "<group>"; };
		2A85DD161B6C9ECB00A9F6E1 /* CommandLineBundleSample.entitlements */ = {isa = PBXFileReference; lastKnownFileType = text.xml; path = CommandLineBundleSample.entitlements; sourceTree = "<group>"; };
		2A85DD2A1B6CA11800A9F6E1 /* CommandLineBundleSample.sdef */ = {isa = PBXFileReference; fileEncoding = 4; lastKnownFileType = text.xml; path = CommandLineBundleSample.sdef; sourceTree = "<group>"; };
		2A85DD311B6CAC2000A9F6E1 /* bundled_command */ = {isa = PBXFileReference; lastKnownFileType = text; path = bundled_command; sourceTree = BUILT_PRODUCTS_DIR; };
/* End PBXFileReference section */

/* Begin PBXFrameworksBuildPhase section */
		2A85DD031B6C9B0600A9F6E1 /* Frameworks */ = {
			isa = PBXFrameworksBuildPhase;
			buildActionMask = 2147483647;
			files = (
			);
			runOnlyForDeploymentPostprocessing = 0;
		};
/* End PBXFrameworksBuildPhase section */

/* Begin PBXGroup section */
		2A85DCE41B6C9B0600A9F6E1 = {
			isa = PBXGroup;
			children = (
				2A85DCEF1B6C9B0600A9F6E1 /* CommandLineBundleSample */,
				2A85DD091B6C9B0600A9F6E1 /* CommandLineBundleSampleTests */,
				2A85DD331B6CAC2500A9F6E1 /* Executables */,
				2A85DCEE1B6C9B0600A9F6E1 /* Products */,
			);
			sourceTree = "<group>";
		};
		2A85DCEE1B6C9B0600A9F6E1 /* Products */ = {
			isa = PBXGroup;
			children = (
				2A85DCED1B6C9B0600A9F6E1 /* CommandLineBundleSample.app */,
				2A85DD061B6C9B0600A9F6E1 /* CommandLineBundleSampleTests.xctest */,
			);
			name = Products;
			sourceTree = "<group>";
		};
		2A85DCEF1B6C9B0600A9F6E1 /* CommandLineBundleSample */ = {
			isa = PBXGroup;
			children = (
				2A85DD161B6C9ECB00A9F6E1 /* CommandLineBundleSample.entitlements */,
				2A85DCF21B6C9B0600A9F6E1 /* AppDelegate.h */,
				2A85DCF31B6C9B0600A9F6E1 /* AppDelegate.m */,
				2A85DCF71B6C9B0600A9F6E1 /* Document.h */,
				2A85DCF81B6C9B0600A9F6E1 /* Document.m */,
				2A85DCFD1B6C9B0600A9F6E1 /* Images.xcassets */,
				2A85DCFA1B6C9B0600A9F6E1 /* Document.xib */,
				2A85DCFF1B6C9B0600A9F6E1 /* MainMenu.xib */,
				2A85DD2A1B6CA11800A9F6E1 /* CommandLineBundleSample.sdef */,
				2A85DCF01B6C9B0600A9F6E1 /* Supporting Files */,
			);
			path = CommandLineBundleSample;
			sourceTree = "<group>";
		};
		2A85DCF01B6C9B0600A9F6E1 /* Supporting Files */ = {
			isa = PBXGroup;
			children = (
				2A85DCF11B6C9B0600A9F6E1 /* Info.plist */,
				2A85DCF51B6C9B0600A9F6E1 /* main.m */,
			);
			name = "Supporting Files";
			sourceTree = "<group>";
		};
		2A85DD091B6C9B0600A9F6E1 /* CommandLineBundleSampleTests */ = {
			isa = PBXGroup;
			children = (
				2A85DD0C1B6C9B0600A9F6E1 /* CommandLineBundleSampleTests.m */,
				2A85DD0A1B6C9B0600A9F6E1 /* Supporting Files */,
			);
			path = CommandLineBundleSampleTests;
			sourceTree = "<group>";
		};
		2A85DD0A1B6C9B0600A9F6E1 /* Supporting Files */ = {
			isa = PBXGroup;
			children = (
				2A85DD0B1B6C9B0600A9F6E1 /* Info.plist */,
			);
			name = "Supporting Files";
			sourceTree = "<group>";
		};
		2A85DD331B6CAC2500A9F6E1 /* Executables */ = {
			isa = PBXGroup;
			children = (
				2A85DD311B6CAC2000A9F6E1 /* bundled_command */,
			);
			name = Executables;
			sourceTree = "<group>";
		};
/* End PBXGroup section */

/* Begin PBXNativeTarget section */
		2A85DCEC1B6C9B0600A9F6E1 /* CommandLineBundleSample */ = {
			isa = PBXNativeTarget;
			buildConfigurationList = 2A85DD101B6C9B0600A9F6E1 /* Build configuration list for PBXNativeTarget "CommandLineBundleSample" */;
			buildPhases = (
				2A85DCE91B6C9B0600A9F6E1 /* Sources */,
				2A85DCEB1B6C9B0600A9F6E1 /* Resources */,
				2A85DD301B6CABFA00A9F6E1 /* Copy Executable */,
			);
			buildRules = (
			);
			dependencies = (
			);
			name = CommandLineBundleSample;
			productName = CommandLineBundleSample;
			productReference = 2A85DCED1B6C9B0600A9F6E1 /* CommandLineBundleSample.app */;
			productType = "com.apple.product-type.application";
		};
		2A85DD051B6C9B0600A9F6E1 /* CommandLineBundleSampleTests */ = {
			isa = PBXNativeTarget;
			buildConfigurationList = 2A85DD131B6C9B0600A9F6E1 /* Build configuration list for PBXNativeTarget "CommandLineBundleSampleTests" */;
			buildPhases = (
				2A85DD021B6C9B0600A9F6E1 /* Sources */,
				2A85DD031B6C9B0600A9F6E1 /* Frameworks */,
				2A85DD041B6C9B0600A9F6E1 /* Resources */,
			);
			buildRules = (
			);
			dependencies = (
				2A85DD081B6C9B0600A9F6E1 /* PBXTargetDependency */,
			);
			name = CommandLineBundleSampleTests;
			productName = CommandLineBundleSampleTests;
			productReference = 2A85DD061B6C9B0600A9F6E1 /* CommandLineBundleSampleTests.xctest */;
			productType = "com.apple.product-type.bundle.unit-test";
		};
/* End PBXNativeTarget section */

/* Begin PBXProject section */
		2A85DCE51B6C9B0600A9F6E1 /* Project object */ = {
			isa = PBXProject;
			attributes = {
				LastUpgradeCheck = 0640;
				TargetAttributes = {
					2A85DCEC1B6C9B0600A9F6E1 = {
						CreatedOnToolsVersion = 6.4;
						SystemCapabilities = {
							com.apple.Sandbox = {
								enabled = 1;
							};
						};
					};
					2A85DD051B6C9B0600A9F6E1 = {
						CreatedOnToolsVersion = 6.4;
						TestTargetID = 2A85DCEC1B6C9B0600A9F6E1;
					};
				};
			};
			buildConfigurationList = 2A85DCE81B6C9B0600A9F6E1 /* Build configuration list for PBXProject "CommandLineBundleSample" */;
			compatibilityVersion = "Xcode 3.2";
			developmentRegion = English;
			hasScannedForEncodings = 0;
			knownRegions = (
				en,
				Base,
			);
			mainGroup = 2A85DCE41B6C9B0600A9F6E1;
			productRefGroup = 2A85DCEE1B6C9B0600A9F6E1 /* Products */;
			projectDirPath = "";
			projectRoot = "";
			targets = (
				2A85DCEC1B6C9B0600A9F6E1 /* CommandLineBundleSample */,
				2A85DD051B6C9B0600A9F6E1 /* CommandLineBundleSampleTests */,
			);
		};
/* End PBXProject section */

/* Begin PBXResourcesBuildPhase section */
		2A85DCEB1B6C9B0600A9F6E1 /* Resources */ = {
			isa = PBXResourcesBuildPhase;
			buildActionMask = 2147483647;
			files = (
				2A85DCFE1B6C9B0600A9F6E1 /* Images.xcassets in Resources */,
				2A85DD321B6CAC2000A9F6E1 /* bundled_command in Resources */,
				2A85DCFC1B6C9B0600A9F6E1 /* Document.xib in Resources */,
				2A85DD011B6C9B0600A9F6E1 /* MainMenu.xib in Resources */,
				2A85DD2B1B6CA11800A9F6E1 /* CommandLineBundleSample.sdef in Resources */,
			);
			runOnlyForDeploymentPostprocessing = 0;
		};
		2A85DD041B6C9B0600A9F6E1 /* Resources */ = {
			isa = PBXResourcesBuildPhase;
			buildActionMask = 2147483647;
			files = (
			);
			runOnlyForDeploymentPostprocessing = 0;
		};
/* End PBXResourcesBuildPhase section */

/* Begin PBXSourcesBuildPhase section */
		2A85DCE91B6C9B0600A9F6E1 /* Sources */ = {
			isa = PBXSourcesBuildPhase;
			buildActionMask = 2147483647;
			files = (
				2A85DCF91B6C9B0600A9F6E1 /* Document.m in Sources */,
				2A85DCF61B6C9B0600A9F6E1 /* main.m in Sources */,
				2A85DCF41B6C9B0600A9F6E1 /* AppDelegate.m in Sources */,
			);
			runOnlyForDeploymentPostprocessing = 0;
		};
		2A85DD021B6C9B0600A9F6E1 /* Sources */ = {
			isa = PBXSourcesBuildPhase;
			buildActionMask = 2147483647;
			files = (
				2A85DD0D1B6C9B0600A9F6E1 /* CommandLineBundleSampleTests.m in Sources */,
			);
			runOnlyForDeploymentPostprocessing = 0;
		};
/* End PBXSourcesBuildPhase section */

/* Begin PBXTargetDependency section */
		2A85DD081B6C9B0600A9F6E1 /* PBXTargetDependency */ = {
			isa = PBXTargetDependency;
			target = 2A85DCEC1B6C9B0600A9F6E1 /* CommandLineBundleSample */;
			targetProxy = 2A85DD071B6C9B0600A9F6E1 /* PBXContainerItemProxy */;
		};
/* End PBXTargetDependency section */

/* Begin PBXVariantGroup section */
		2A85DCFA1B6C9B0600A9F6E1 /* Document.xib */ = {
			isa = PBXVariantGroup;
			children = (
				2A85DCFB1B6C9B0600A9F6E1 /* Base */,
			);
			name = Document.xib;
			sourceTree = "<group>";
		};
		2A85DCFF1B6C9B0600A9F6E1 /* MainMenu.xib */ = {
			isa = PBXVariantGroup;
			children = (
				2A85DD001B6C9B0600A9F6E1 /* Base */,
			);
			name = MainMenu.xib;
			sourceTree = "<group>";
		};
/* End PBXVariantGroup section */

/* Begin XCBuildConfiguration section */
		2A85DD0E1B6C9B0600A9F6E1 /* Debug */ = {
			isa = XCBuildConfiguration;
			buildSettings = {
				ALWAYS_SEARCH_USER_PATHS = NO;
				CLANG_CXX_LANGUAGE_STANDARD = "gnu++0x";
				CLANG_CXX_LIBRARY = "libc++";
				CLANG_ENABLE_MODULES = YES;
				CLANG_ENABLE_OBJC_ARC = YES;
				CLANG_WARN_BOOL_CONVERSION = YES;
				CLANG_WARN_CONSTANT_CONVERSION = YES;
				CLANG_WARN_DIRECT_OBJC_ISA_USAGE = YES_ERROR;
				CLANG_WARN_EMPTY_BODY = YES;
				CLANG_WARN_ENUM_CONVERSION = YES;
				CLANG_WARN_INT_CONVERSION = YES;
				CLANG_WARN_OBJC_ROOT_CLASS = YES_ERROR;
				CLANG_WARN_UNREACHABLE_CODE = YES;
				CLANG_WARN__DUPLICATE_METHOD_MATCH = YES;
				CODE_SIGN_IDENTITY = "-";
				COPY_PHASE_STRIP = NO;
				DEBUG_INFORMATION_FORMAT = dwarf;
				ENABLE_STRICT_OBJC_MSGSEND = YES;
				GCC_C_LANGUAGE_STANDARD = gnu99;
				GCC_DYNAMIC_NO_PIC = NO;
				GCC_NO_COMMON_BLOCKS = YES;
				GCC_OPTIMIZATION_LEVEL = 0;
				GCC_PREPROCESSOR_DEFINITIONS = (
					"DEBUG=1",
					"$(inherited)",
				);
				GCC_SYMBOLS_PRIVATE_EXTERN = NO;
				GCC_WARN_64_TO_32_BIT_CONVERSION = YES;
				GCC_WARN_ABOUT_RETURN_TYPE = YES_ERROR;
				GCC_WARN_UNDECLARED_SELECTOR = YES;
				GCC_WARN_UNINITIALIZED_AUTOS = YES_AGGRESSIVE;
				GCC_WARN_UNUSED_FUNCTION = YES;
				GCC_WARN_UNUSED_VARIABLE = YES;
				MACOSX_DEPLOYMENT_TARGET = 10.10;
				MTL_ENABLE_DEBUG_INFO = YES;
				ONLY_ACTIVE_ARCH = YES;
				SDKROOT = macosx;
			};
			name = Debug;
		};
		2A85DD0F1B6C9B0600A9F6E1 /* Release */ = {
			isa = XCBuildConfiguration;
			buildSettings = {
				ALWAYS_SEARCH_USER_PATHS = NO;
				CLANG_CXX_LANGUAGE_STANDARD = "gnu++0x";
				CLANG_CXX_LIBRARY = "libc++";
				CLANG_ENABLE_MODULES = YES;
				CLANG_ENABLE_OBJC_ARC = YES;
				CLANG_WARN_BOOL_CONVERSION = YES;
				CLANG_WARN_CONSTANT_CONVERSION = YES;
				CLANG_WARN_DIRECT_OBJC_ISA_USAGE = YES_ERROR;
				CLANG_WARN_EMPTY_BODY = YES;
				CLANG_WARN_ENUM_CONVERSION = YES;
				CLANG_WARN_INT_CONVERSION = YES;
				CLANG_WARN_OBJC_ROOT_CLASS = YES_ERROR;
				CLANG_WARN_UNREACHABLE_CODE = YES;
				CLANG_WARN__DUPLICATE_METHOD_MATCH = YES;
				CODE_SIGN_IDENTITY = "-";
				COPY_PHASE_STRIP = NO;
				DEBUG_INFORMATION_FORMAT = "dwarf-with-dsym";
				ENABLE_NS_ASSERTIONS = NO;
				ENABLE_STRICT_OBJC_MSGSEND = YES;
				GCC_C_LANGUAGE_STANDARD = gnu99;
				GCC_NO_COMMON_BLOCKS = YES;
				GCC_WARN_64_TO_32_BIT_CONVERSION = YES;
				GCC_WARN_ABOUT_RETURN_TYPE = YES_ERROR;
				GCC_WARN_UNDECLARED_SELECTOR = YES;
				GCC_WARN_UNINITIALIZED_AUTOS = YES_AGGRESSIVE;
				GCC_WARN_UNUSED_FUNCTION = YES;
				GCC_WARN_UNUSED_VARIABLE = YES;
				MACOSX_DEPLOYMENT_TARGET = 10.10;
				MTL_ENABLE_DEBUG_INFO = NO;
				SDKROOT = macosx;
			};
			name = Release;
		};
		2A85DD111B6C9B0600A9F6E1 /* Debug */ = {
			isa = XCBuildConfiguration;
			buildSettings = {
				ASSETCATALOG_COMPILER_APPICON_NAME = AppIcon;
				CODE_SIGN_ENTITLEMENTS = CommandLineBundleSample/CommandLineBundleSample.entitlements;
				COMBINE_HIDPI_IMAGES = YES;
				INFOPLIST_FILE = CommandLineBundleSample/Info.plist;
				LD_RUNPATH_SEARCH_PATHS = "$(inherited) @executable_path/../Frameworks";
				PRODUCT_NAME = "$(TARGET_NAME)";
			};
			name = Debug;
		};
		2A85DD121B6C9B0600A9F6E1 /* Release */ = {
			isa = XCBuildConfiguration;
			buildSettings = {
				ASSETCATALOG_COMPILER_APPICON_NAME = AppIcon;
				CODE_SIGN_ENTITLEMENTS = CommandLineBundleSample/CommandLineBundleSample.entitlements;
				COMBINE_HIDPI_IMAGES = YES;
				INFOPLIST_FILE = CommandLineBundleSample/Info.plist;
				LD_RUNPATH_SEARCH_PATHS = "$(inherited) @executable_path/../Frameworks";
				PRODUCT_NAME = "$(TARGET_NAME)";
			};
			name = Release;
		};
		2A85DD141B6C9B0600A9F6E1 /* Debug */ = {
			isa = XCBuildConfiguration;
			buildSettings = {
				BUNDLE_LOADER = "$(TEST_HOST)";
				COMBINE_HIDPI_IMAGES = YES;
				FRAMEWORK_SEARCH_PATHS = (
					"$(DEVELOPER_FRAMEWORKS_DIR)",
					"$(inherited)",
				);
				GCC_PREPROCESSOR_DEFINITIONS = (
					"DEBUG=1",
					"$(inherited)",
				);
				INFOPLIST_FILE = CommandLineBundleSampleTests/Info.plist;
				LD_RUNPATH_SEARCH_PATHS = "$(inherited) @executable_path/../Frameworks @loader_path/../Frameworks";
				PRODUCT_NAME = "$(TARGET_NAME)";
				TEST_HOST = "$(BUILT_PRODUCTS_DIR)/CommandLineBundleSample.app/Contents/MacOS/CommandLineBundleSample";
			};
			name = Debug;
		};
		2A85DD151B6C9B0600A9F6E1 /* Release */ = {
			isa = XCBuildConfiguration;
			buildSettings = {
				BUNDLE_LOADER = "$(TEST_HOST)";
				COMBINE_HIDPI_IMAGES = YES;
				FRAMEWORK_SEARCH_PATHS = (
					"$(DEVELOPER_FRAMEWORKS_DIR)",
					"$(inherited)",
				);
				INFOPLIST_FILE = CommandLineBundleSampleTests/Info.plist;
				LD_RUNPATH_SEARCH_PATHS = "$(inherited) @executable_path/../Frameworks @loader_path/../Frameworks";
				PRODUCT_NAME = "$(TARGET_NAME)";
				TEST_HOST = "$(BUILT_PRODUCTS_DIR)/CommandLineBundleSample.app/Contents/MacOS/CommandLineBundleSample";
			};
			name = Release;
		};
/* End XCBuildConfiguration section */

/* Begin XCConfigurationList section */
		2A85DCE81B6C9B0600A9F6E1 /* Build configuration list for PBXProject "CommandLineBundleSample" */ = {
			isa = XCConfigurationList;
			buildConfigurations = (
				2A85DD0E1B6C9B0600A9F6E1 /* Debug */,
				2A85DD0F1B6C9B0600A9F6E1 /* Release */,
			);
			defaultConfigurationIsVisible = 0;
			defaultConfigurationName = Release;
		};
		2A85DD101B6C9B0600A9F6E1 /* Build configuration list for PBXNativeTarget "CommandLineBundleSample" */ = {
			isa = XCConfigurationList;
			buildConfigurations = (
				2A85DD111B6C9B0600A9F6E1 /* Debug */,
				2A85DD121B6C9B0600A9F6E1 /* Release */,
			);
			defaultConfigurationIsVisible = 0;
			defaultConfigurationName = Release;
		};
		2A85DD131B6C9B0600A9F6E1 /* Build configuration list for PBXNativeTarget "CommandLineBundleSampleTests" */ = {
			isa = XCConfigurationList;
			buildConfigurations = (
				2A85DD141B6C9B0600A9F6E1 /* Debug */,
				2A85DD151B6C9B0600A9F6E1 /* Release */,
			);
			defaultConfigurationIsVisible = 0;
			defaultConfigurationName = Release;
		};
/* End XCConfigurationList section */
	};
	rootObject = 2A85DCE51B6C9B0600A9F6E1 /* Project object */;
}
